
Microsoft Visual Studio Solution File, Format Version 12.00
# Visual Studio Version 16
VisualStudioVersion = 16.0.30406.217
MinimumVisualStudioVersion = 10.0.40219.1
Project("{9A19103F-16F7-4668-BE54-9A1E7A4F7556}") = "Api2", "Api2\Api2.csproj", "{44905349-66E1-49F8-855A-5FC363AE1F7F}"
EndProject
Project("{FAE04EC0-301F-11D3-BF4B-00C04F79EFBC}") = "Api2.Testes", "Api2.Testes\Api2.Testes.csproj", "{7A03DF41-EE8F-41D9-98EB-CA1663F890C2}"
EndProject
Global
	GlobalSection(SolutionConfigurationPlatforms) = preSolution
		Debug|Any CPU = Debug|Any CPU
		Release|Any CPU = Release|Any CPU
	EndGlobalSection
	GlobalSection(ProjectConfigurationPlatforms) = postSolution
		{44905349-66E1-49F8-855A-5FC363AE1F7F}.Debug|Any CPU.ActiveCfg = Debug|Any CPU
		{44905349-66E1-49F8-855A-5FC363AE1F7F}.Debug|Any CPU.Build.0 = Debug|Any CPU
		{44905349-66E1-49F8-855A-5FC363AE1F7F}.Release|Any CPU.ActiveCfg = Release|Any CPU
		{44905349-66E1-49F8-855A-5FC363AE1F7F}.Release|Any CPU.Build.0 = Release|Any CPU
		{7A03DF41-EE8F-41D9-98EB-CA1663F890C2}.Debug|Any CPU.ActiveCfg = Debug|Any CPU
		{7A03DF41-EE8F-41D9-98EB-CA1663F890C2}.Debug|Any CPU.Build.0 = Debug|Any CPU
		{7A03DF41-EE8F-41D9-98EB-CA1663F890C2}.Release|Any CPU.ActiveCfg = Release|Any CPU
		{7A03DF41-EE8F-41D9-98EB-CA1663F890C2}.Release|Any CPU.Build.0 = Release|Any CPU
	EndGlobalSection
	GlobalSection(SolutionProperties) = preSolution
		HideSolutionNode = FALSE
	EndGlobalSection
	GlobalSection(ExtensibilityGlobals) = postSolution
		SolutionGuid = {3336D1D8-6376-41D1-8227-480D590271BC}
	EndGlobalSection
EndGlobal
