
Microsoft Visual Studio Solution File, Format Version 12.00
# Visual Studio Version 16
VisualStudioVersion = 16.0.30406.217
MinimumVisualStudioVersion = 10.0.40219.1
Project("{FAE04EC0-301F-11D3-BF4B-00C04F79EFBC}") = "POC-Consumindo-Api1", "POC-Consumindo-Api1\POC-Consumindo-Api1.csproj", "{D70A9DEF-A0A4-44FF-98C8-14875F072374}"
EndProject
Global
	GlobalSection(SolutionConfigurationPlatforms) = preSolution
		Debug|Any CPU = Debug|Any CPU
		Release|Any CPU = Release|Any CPU
	EndGlobalSection
	GlobalSection(ProjectConfigurationPlatforms) = postSolution
		{D70A9DEF-A0A4-44FF-98C8-14875F072374}.Debug|Any CPU.ActiveCfg = Debug|Any CPU
		{D70A9DEF-A0A4-44FF-98C8-14875F072374}.Debug|Any CPU.Build.0 = Debug|Any CPU
		{D70A9DEF-A0A4-44FF-98C8-14875F072374}.Release|Any CPU.ActiveCfg = Release|Any CPU
		{D70A9DEF-A0A4-44FF-98C8-14875F072374}.Release|Any CPU.Build.0 = Release|Any CPU
	EndGlobalSection
	GlobalSection(SolutionProperties) = preSolution
		HideSolutionNode = FALSE
	EndGlobalSection
	GlobalSection(ExtensibilityGlobals) = postSolution
		SolutionGuid = {CFC56669-EF24-4D05-9D79-757EED84F9ED}
	EndGlobalSection
EndGlobal
